
Microsoft Visual Studio Solution File, Format Version 12.00
# Visual Studio Version 17
VisualStudioVersion = 17.9.34728.123
MinimumVisualStudioVersion = 10.0.40219.1
Project("{FAE04EC0-301F-11D3-BF4B-00C04F79EFBC}") = "Labb2LinQ2", "Labb2LinQ2\Labb2LinQ2.csproj", "{01E62761-8710-4AC8-A727-CD7B40E9348E}"
EndProject
Global
	GlobalSection(SolutionConfigurationPlatforms) = preSolution
		Debug|Any CPU = Debug|Any CPU
		Release|Any CPU = Release|Any CPU
	EndGlobalSection
	GlobalSection(ProjectConfigurationPlatforms) = postSolution
		{01E62761-8710-4AC8-A727-CD7B40E9348E}.Debug|Any CPU.ActiveCfg = Debug|Any CPU
		{01E62761-8710-4AC8-A727-CD7B40E9348E}.Debug|Any CPU.Build.0 = Debug|Any CPU
		{01E62761-8710-4AC8-A727-CD7B40E9348E}.Release|Any CPU.ActiveCfg = Release|Any CPU
		{01E62761-8710-4AC8-A727-CD7B40E9348E}.Release|Any CPU.Build.0 = Release|Any CPU
	EndGlobalSection
	GlobalSection(SolutionProperties) = preSolution
		HideSolutionNode = FALSE
	EndGlobalSection
	GlobalSection(ExtensibilityGlobals) = postSolution
		SolutionGuid = {44D1CF15-DA08-457A-AA01-E1D0C7719F20}
	EndGlobalSection
EndGlobal
